
Microsoft Visual Studio Solution File, Format Version 12.00
# Visual Studio Version 17
VisualStudioVersion = 17.11.35327.3
MinimumVisualStudioVersion = 10.0.40219.1
Project("{FAE04EC0-301F-11D3-BF4B-00C04F79EFBC}") = "MedicalPlatform.API", "MedicalPlatform.API\MedicalPlatform.API.csproj", "{D259D275-D7CC-4649-B671-ACF99046292E}"
EndProject
Project("{FAE04EC0-301F-11D3-BF4B-00C04F79EFBC}") = "MedicalPlatform.Application", "MedicalPlatform.Application\MedicalPlatform.Application.csproj", "{F4AD68B5-316F-4FD4-8BF0-A45C3F43B4DA}"
EndProject
Project("{FAE04EC0-301F-11D3-BF4B-00C04F79EFBC}") = "MedicalPlatform.Core", "MedicalPlatform.Core\MedicalPlatform.Core.csproj", "{EC4DC4DC-BED5-41D5-915C-DE71B7909F05}"
EndProject
Project("{FAE04EC0-301F-11D3-BF4B-00C04F79EFBC}") = "MedicalPlatform.Persistence", "MedicalPlatform.Persistence\MedicalPlatform.Persistence.csproj", "{9E6EA0B8-CAEA-4A45-966E-C41AE56DC598}"
EndProject
Project("{FAE04EC0-301F-11D3-BF4B-00C04F79EFBC}") = "MedicalPlatform.Infrastructure", "MedicalPlatform.Infrastructure\MedicalPlatform.Infrastructure.csproj", "{32F75BA6-2313-4EFB-B477-D9FDF7708306}"
EndProject
Global
	GlobalSection(SolutionConfigurationPlatforms) = preSolution
		Debug|Any CPU = Debug|Any CPU
		Release|Any CPU = Release|Any CPU
	EndGlobalSection
	GlobalSection(ProjectConfigurationPlatforms) = postSolution
		{D259D275-D7CC-4649-B671-ACF99046292E}.Debug|Any CPU.ActiveCfg = Debug|Any CPU
		{D259D275-D7CC-4649-B671-ACF99046292E}.Debug|Any CPU.Build.0 = Debug|Any CPU
		{D259D275-D7CC-4649-B671-ACF99046292E}.Release|Any CPU.ActiveCfg = Release|Any CPU
		{D259D275-D7CC-4649-B671-ACF99046292E}.Release|Any CPU.Build.0 = Release|Any CPU
		{F4AD68B5-316F-4FD4-8BF0-A45C3F43B4DA}.Debug|Any CPU.ActiveCfg = Debug|Any CPU
		{F4AD68B5-316F-4FD4-8BF0-A45C3F43B4DA}.Debug|Any CPU.Build.0 = Debug|Any CPU
		{F4AD68B5-316F-4FD4-8BF0-A45C3F43B4DA}.Release|Any CPU.ActiveCfg = Release|Any CPU
		{F4AD68B5-316F-4FD4-8BF0-A45C3F43B4DA}.Release|Any CPU.Build.0 = Release|Any CPU
		{EC4DC4DC-BED5-41D5-915C-DE71B7909F05}.Debug|Any CPU.ActiveCfg = Debug|Any CPU
		{EC4DC4DC-BED5-41D5-915C-DE71B7909F05}.Debug|Any CPU.Build.0 = Debug|Any CPU
		{EC4DC4DC-BED5-41D5-915C-DE71B7909F05}.Release|Any CPU.ActiveCfg = Release|Any CPU
		{EC4DC4DC-BED5-41D5-915C-DE71B7909F05}.Release|Any CPU.Build.0 = Release|Any CPU
		{9E6EA0B8-CAEA-4A45-966E-C41AE56DC598}.Debug|Any CPU.ActiveCfg = Debug|Any CPU
		{9E6EA0B8-CAEA-4A45-966E-C41AE56DC598}.Debug|Any CPU.Build.0 = Debug|Any CPU
		{9E6EA0B8-CAEA-4A45-966E-C41AE56DC598}.Release|Any CPU.ActiveCfg = Release|Any CPU
		{9E6EA0B8-CAEA-4A45-966E-C41AE56DC598}.Release|Any CPU.Build.0 = Release|Any CPU
		{32F75BA6-2313-4EFB-B477-D9FDF7708306}.Debug|Any CPU.ActiveCfg = Debug|Any CPU
		{32F75BA6-2313-4EFB-B477-D9FDF7708306}.Debug|Any CPU.Build.0 = Debug|Any CPU
		{32F75BA6-2313-4EFB-B477-D9FDF7708306}.Release|Any CPU.ActiveCfg = Release|Any CPU
		{32F75BA6-2313-4EFB-B477-D9FDF7708306}.Release|Any CPU.Build.0 = Release|Any CPU
	EndGlobalSection
	GlobalSection(SolutionProperties) = preSolution
		HideSolutionNode = FALSE
	EndGlobalSection
	GlobalSection(ExtensibilityGlobals) = postSolution
		SolutionGuid = {512BA214-CEDE-4ECC-AA94-53039FFF753F}
	EndGlobalSection
EndGlobal
